// !$*UTF8*$!
{
	archiveVersion = 1;
	classes = {
	};
	objectVersion = 54;
	objects = {

/* Begin PBXBuildFile section */
		0C80B921A6F3F58F76C31292 /* libPods-Aquafeedplusapp.a in Frameworks */ = {isa = PBXBuildFile; fileRef = 5DCACB8F33CDC322A6C60F78 /* libPods-Aquafeedplusapp.a */; };
		13B07FBF1A68108700A75B9A /* Images.xcassets in Resources */ = {isa = PBXBuildFile; fileRef = 13B07FB51A68108700A75B9A /* Images.xcassets */; };
		761780ED2CA45674006654EE /* AppDelegate.swift in Sources */ = {isa = PBXBuildFile; fileRef = 761780EC2CA45674006654EE /* AppDelegate.swift */; };
		81AB9BB82411601600AC10FF /* LaunchScreen.storyboard in Resources */ = {isa = PBXBuildFile; fileRef = 81AB9BB72411601600AC10FF /* LaunchScreen.storyboard */; };
		2A75C846AE5B440BA19E73E4 /* IRANSans(FaNum).ttf in Resources */ = {isa = PBXBuildFile; fileRef = 9BC9A607586B4763A15D4CAC /* IRANSans(FaNum).ttf */; };
		EA7E0A8DDAE34F4BABB78BBF /* IRANSans(FaNum)_Black.ttf in Resources */ = {isa = PBXBuildFile; fileRef = 5DB8543C02A440C08F110934 /* IRANSans(FaNum)_Black.ttf */; };
		B07B7EEBF03E4C3A8139CA7A /* IRANSans(FaNum)_Bold.ttf in Resources */ = {isa = PBXBuildFile; fileRef = 64FBF9CB236F446EA6C0C56A /* IRANSans(FaNum)_Bold.ttf */; };
		24A17485E9E04FDF91F2F6B1 /* IRANSans(FaNum)_Light.ttf in Resources */ = {isa = PBXBuildFile; fileRef = 12FEC5DC32534730983DCE38 /* IRANSans(FaNum)_Light.ttf */; };
		03796D00C78D4F6587939E7B /* IRANSans(FaNum)_Medium.ttf in Resources */ = {isa = PBXBuildFile; fileRef = FBBBAA9C31A14C33B2DE0081 /* IRANSans(FaNum)_Medium.ttf */; };
		B6CDF338282B426683E68F11 /* IRANSans(FaNum)_UltraLight.ttf in Resources */ = {isa = PBXBuildFile; fileRef = F0566F4C495043A2AE1272D0 /* IRANSans(FaNum)_UltraLight.ttf */; };
		19454DE37C534A4C93C2F012 /* IRANYekanXFaNum-Black.ttf in Resources */ = {isa = PBXBuildFile; fileRef = C205B3EC9740406CA8B4F28C /* IRANYekanXFaNum-Black.ttf */; };
		2B4388316B624C64B04EE93B /* IRANYekanXFaNum-Bold.ttf in Resources */ = {isa = PBXBuildFile; fileRef = CDF438BF76D940E0A82274AF /* IRANYekanXFaNum-Bold.ttf */; };
		4A5DAF19603249B4880376BF /* IRANYekanXFaNum-DemiBold.ttf in Resources */ = {isa = PBXBuildFile; fileRef = B20E7B52CFA04905AD586C60 /* IRANYekanXFaNum-DemiBold.ttf */; };
		1BAB332B8866454AA31E2865 /* IRANYekanXFaNum-ExtraBlack.ttf in Resources */ = {isa = PBXBuildFile; fileRef = C708697A5B96425291065B47 /* IRANYekanXFaNum-ExtraBlack.ttf */; };
		0B1DC900647942FC9C44E6EA /* IRANYekanXFaNum-ExtraBold.ttf in Resources */ = {isa = PBXBuildFile; fileRef = EE0D456B1C3143DBBFF04245 /* IRANYekanXFaNum-ExtraBold.ttf */; };
		520A5F6EF23B458A85C362DA /* IRANYekanXFaNum-Heavy.ttf in Resources */ = {isa = PBXBuildFile; fileRef = 79EDF733C0104792BAE21C0E /* IRANYekanXFaNum-Heavy.ttf */; };
		D1459C2DC8FA406D88D83FBD /* IRANYekanXFaNum-Light.ttf in Resources */ = {isa = PBXBuildFile; fileRef = E5810B597E0A4ED5AA0B7BAD /* IRANYekanXFaNum-Light.ttf */; };
		AB1B97925BE0427195E8667D /* IRANYekanXFaNum-Medium.ttf in Resources */ = {isa = PBXBuildFile; fileRef = 0A9927BA081748769E192CC0 /* IRANYekanXFaNum-Medium.ttf */; };
		1590B5E30C184880AFD645B8 /* IRANYekanXFaNum-Regular.ttf in Resources */ = {isa = PBXBuildFile; fileRef = 6F15D8F2D42645319767EB8A /* IRANYekanXFaNum-Regular.ttf */; };
		FC5F88C9F71F4BF0B5012BF5 /* IRANYekanXFaNum-Thin.ttf in Resources */ = {isa = PBXBuildFile; fileRef = 92A59F09132D425BA14D3CCB /* IRANYekanXFaNum-Thin.ttf */; };
		9093496D92AA4FF4AC15D54A /* IRANYekanXFaNum-UltraLight.ttf in Resources */ = {isa = PBXBuildFile; fileRef = 53789FEC2842459E96371E26 /* IRANYekanXFaNum-UltraLight.ttf */; };
/* End PBXBuildFile section */

/* Begin PBXFileReference section */
		13B07F961A680F5B00A75B9A /* Aquafeedplusapp.app */ = {isa = PBXFileReference; explicitFileType = wrapper.application; includeInIndex = 0; path = Aquafeedplusapp.app; sourceTree = BUILT_PRODUCTS_DIR; };
		13B07FB51A68108700A75B9A /* Images.xcassets */ = {isa = PBXFileReference; lastKnownFileType = folder.assetcatalog; name = Images.xcassets; path = Aquafeedplusapp/Images.xcassets; sourceTree = "<group>"; };
		13B07FB61A68108700A75B9A /* Info.plist */ = {isa = PBXFileReference; fileEncoding = 4; lastKnownFileType = text.plist.xml; name = Info.plist; path = Aquafeedplusapp/Info.plist; sourceTree = "<group>"; };
		13B07FB81A68108700A75B9A /* PrivacyInfo.xcprivacy */ = {isa = PBXFileReference; fileEncoding = 4; lastKnownFileType = text.plist.xml; name = PrivacyInfo.xcprivacy; path = Aquafeedplusapp/PrivacyInfo.xcprivacy; sourceTree = "<group>"; };
		3B4392A12AC88292D35C810B /* Pods-Aquafeedplusapp.debug.xcconfig */ = {isa = PBXFileReference; includeInIndex = 1; lastKnownFileType = text.xcconfig; name = "Pods-Aquafeedplusapp.debug.xcconfig"; path = "Target Support Files/Pods-Aquafeedplusapp/Pods-Aquafeedplusapp.debug.xcconfig"; sourceTree = "<group>"; };
		5709B34CF0A7D63546082F79 /* Pods-Aquafeedplusapp.release.xcconfig */ = {isa = PBXFileReference; includeInIndex = 1; lastKnownFileType = text.xcconfig; name = "Pods-Aquafeedplusapp.release.xcconfig"; path = "Target Support Files/Pods-Aquafeedplusapp/Pods-Aquafeedplusapp.release.xcconfig"; sourceTree = "<group>"; };
		5DCACB8F33CDC322A6C60F78 /* libPods-Aquafeedplusapp.a */ = {isa = PBXFileReference; explicitFileType = archive.ar; includeInIndex = 0; path = "libPods-Aquafeedplusapp.a"; sourceTree = BUILT_PRODUCTS_DIR; };
		761780EC2CA45674006654EE /* AppDelegate.swift */ = {isa = PBXFileReference; lastKnownFileType = sourcecode.swift; name = AppDelegate.swift; path = Aquafeedplusapp/AppDelegate.swift; sourceTree = "<group>"; };
		81AB9BB72411601600AC10FF /* LaunchScreen.storyboard */ = {isa = PBXFileReference; fileEncoding = 4; lastKnownFileType = file.storyboard; name = LaunchScreen.storyboard; path = Aquafeedplusapp/LaunchScreen.storyboard; sourceTree = "<group>"; };
		ED297162215061F000B7C4FE /* JavaScriptCore.framework */ = {isa = PBXFileReference; lastKnownFileType = wrapper.framework; name = JavaScriptCore.framework; path = System/Library/Frameworks/JavaScriptCore.framework; sourceTree = SDKROOT; };
		9BC9A607586B4763A15D4CAC /* IRANSans(FaNum).ttf */ = {isa = PBXFileReference; name = "IRANSans(FaNum).ttf"; path = "../src/assets/fonts/IRANSans(FaNum).ttf"; sourceTree = "<group>"; fileEncoding = undefined; lastKnownFileType = unknown; explicitFileType = undefined; includeInIndex = 0; };
		5DB8543C02A440C08F110934 /* IRANSans(FaNum)_Black.ttf */ = {isa = PBXFileReference; name = "IRANSans(FaNum)_Black.ttf"; path = "../src/assets/fonts/IRANSans(FaNum)_Black.ttf"; sourceTree = "<group>"; fileEncoding = undefined; lastKnownFileType = unknown; explicitFileType = undefined; includeInIndex = 0; };
		64FBF9CB236F446EA6C0C56A /* IRANSans(FaNum)_Bold.ttf */ = {isa = PBXFileReference; name = "IRANSans(FaNum)_Bold.ttf"; path = "../src/assets/fonts/IRANSans(FaNum)_Bold.ttf"; sourceTree = "<group>"; fileEncoding = undefined; lastKnownFileType = unknown; explicitFileType = undefined; includeInIndex = 0; };
		12FEC5DC32534730983DCE38 /* IRANSans(FaNum)_Light.ttf */ = {isa = PBXFileReference; name = "IRANSans(FaNum)_Light.ttf"; path = "../src/assets/fonts/IRANSans(FaNum)_Light.ttf"; sourceTree = "<group>"; fileEncoding = undefined; lastKnownFileType = unknown; explicitFileType = undefined; includeInIndex = 0; };
		FBBBAA9C31A14C33B2DE0081 /* IRANSans(FaNum)_Medium.ttf */ = {isa = PBXFileReference; name = "IRANSans(FaNum)_Medium.ttf"; path = "../src/assets/fonts/IRANSans(FaNum)_Medium.ttf"; sourceTree = "<group>"; fileEncoding = undefined; lastKnownFileType = unknown; explicitFileType = undefined; includeInIndex = 0; };
		F0566F4C495043A2AE1272D0 /* IRANSans(FaNum)_UltraLight.ttf */ = {isa = PBXFileReference; name = "IRANSans(FaNum)_UltraLight.ttf"; path = "../src/assets/fonts/IRANSans(FaNum)_UltraLight.ttf"; sourceTree = "<group>"; fileEncoding = undefined; lastKnownFileType = unknown; explicitFileType = undefined; includeInIndex = 0; };
		C205B3EC9740406CA8B4F28C /* IRANYekanXFaNum-Black.ttf */ = {isa = PBXFileReference; name = "IRANYekanXFaNum-Black.ttf"; path = "../src/assets/fonts/IRANYekanXFaNum-Black.ttf"; sourceTree = "<group>"; fileEncoding = undefined; lastKnownFileType = unknown; explicitFileType = undefined; includeInIndex = 0; };
		CDF438BF76D940E0A82274AF /* IRANYekanXFaNum-Bold.ttf */ = {isa = PBXFileReference; name = "IRANYekanXFaNum-Bold.ttf"; path = "../src/assets/fonts/IRANYekanXFaNum-Bold.ttf"; sourceTree = "<group>"; fileEncoding = undefined; lastKnownFileType = unknown; explicitFileType = undefined; includeInIndex = 0; };
		B20E7B52CFA04905AD586C60 /* IRANYekanXFaNum-DemiBold.ttf */ = {isa = PBXFileReference; name = "IRANYekanXFaNum-DemiBold.ttf"; path = "../src/assets/fonts/IRANYekanXFaNum-DemiBold.ttf"; sourceTree = "<group>"; fileEncoding = undefined; lastKnownFileType = unknown; explicitFileType = undefined; includeInIndex = 0; };
		C708697A5B96425291065B47 /* IRANYekanXFaNum-ExtraBlack.ttf */ = {isa = PBXFileReference; name = "IRANYekanXFaNum-ExtraBlack.ttf"; path = "../src/assets/fonts/IRANYekanXFaNum-ExtraBlack.ttf"; sourceTree = "<group>"; fileEncoding = undefined; lastKnownFileType = unknown; explicitFileType = undefined; includeInIndex = 0; };
		EE0D456B1C3143DBBFF04245 /* IRANYekanXFaNum-ExtraBold.ttf */ = {isa = PBXFileReference; name = "IRANYekanXFaNum-ExtraBold.ttf"; path = "../src/assets/fonts/IRANYekanXFaNum-ExtraBold.ttf"; sourceTree = "<group>"; fileEncoding = undefined; lastKnownFileType = unknown; explicitFileType = undefined; includeInIndex = 0; };
		79EDF733C0104792BAE21C0E /* IRANYekanXFaNum-Heavy.ttf */ = {isa = PBXFileReference; name = "IRANYekanXFaNum-Heavy.ttf"; path = "../src/assets/fonts/IRANYekanXFaNum-Heavy.ttf"; sourceTree = "<group>"; fileEncoding = undefined; lastKnownFileType = unknown; explicitFileType = undefined; includeInIndex = 0; };
		E5810B597E0A4ED5AA0B7BAD /* IRANYekanXFaNum-Light.ttf */ = {isa = PBXFileReference; name = "IRANYekanXFaNum-Light.ttf"; path = "../src/assets/fonts/IRANYekanXFaNum-Light.ttf"; sourceTree = "<group>"; fileEncoding = undefined; lastKnownFileType = unknown; explicitFileType = undefined; includeInIndex = 0; };
		0A9927BA081748769E192CC0 /* IRANYekanXFaNum-Medium.ttf */ = {isa = PBXFileReference; name = "IRANYekanXFaNum-Medium.ttf"; path = "../src/assets/fonts/IRANYekanXFaNum-Medium.ttf"; sourceTree = "<group>"; fileEncoding = undefined; lastKnownFileType = unknown; explicitFileType = undefined; includeInIndex = 0; };
		6F15D8F2D42645319767EB8A /* IRANYekanXFaNum-Regular.ttf */ = {isa = PBXFileReference; name = "IRANYekanXFaNum-Regular.ttf"; path = "../src/assets/fonts/IRANYekanXFaNum-Regular.ttf"; sourceTree = "<group>"; fileEncoding = undefined; lastKnownFileType = unknown; explicitFileType = undefined; includeInIndex = 0; };
		92A59F09132D425BA14D3CCB /* IRANYekanXFaNum-Thin.ttf */ = {isa = PBXFileReference; name = "IRANYekanXFaNum-Thin.ttf"; path = "../src/assets/fonts/IRANYekanXFaNum-Thin.ttf"; sourceTree = "<group>"; fileEncoding = undefined; lastKnownFileType = unknown; explicitFileType = undefined; includeInIndex = 0; };
		53789FEC2842459E96371E26 /* IRANYekanXFaNum-UltraLight.ttf */ = {isa = PBXFileReference; name = "IRANYekanXFaNum-UltraLight.ttf"; path = "../src/assets/fonts/IRANYekanXFaNum-UltraLight.ttf"; sourceTree = "<group>"; fileEncoding = undefined; lastKnownFileType = unknown; explicitFileType = undefined; includeInIndex = 0; };
/* End PBXFileReference section */

/* Begin PBXFrameworksBuildPhase section */
		13B07F8C1A680F5B00A75B9A /* Frameworks */ = {
			isa = PBXFrameworksBuildPhase;
			buildActionMask = 2147483647;
			files = (
				0C80B921A6F3F58F76C31292 /* libPods-Aquafeedplusapp.a in Frameworks */,
			);
			runOnlyForDeploymentPostprocessing = 0;
		};
/* End PBXFrameworksBuildPhase section */

/* Begin PBXGroup section */
		13B07FAE1A68108700A75B9A /* Aquafeedplusapp */ = {
			isa = PBXGroup;
			children = (
				13B07FB51A68108700A75B9A /* Images.xcassets */,
				761780EC2CA45674006654EE /* AppDelegate.swift */,
				13B07FB61A68108700A75B9A /* Info.plist */,
				81AB9BB72411601600AC10FF /* LaunchScreen.storyboard */,
				13B07FB81A68108700A75B9A /* PrivacyInfo.xcprivacy */,
			);
			name = Aquafeedplusapp;
			sourceTree = "<group>";
		};
		2D16E6871FA4F8E400B85C8A /* Frameworks */ = {
			isa = PBXGroup;
			children = (
				ED297162215061F000B7C4FE /* JavaScriptCore.framework */,
				5DCACB8F33CDC322A6C60F78 /* libPods-Aquafeedplusapp.a */,
			);
			name = Frameworks;
			sourceTree = "<group>";
		};
		832341AE1AAA6A7D00B99B32 /* Libraries */ = {
			isa = PBXGroup;
			children = (
			);
			name = Libraries;
			sourceTree = "<group>";
		};
		83CBB9F61A601CBA00E9B192 = {
			isa = PBXGroup;
			children = (
				13B07FAE1A68108700A75B9A /* Aquafeedplusapp */,
				832341AE1AAA6A7D00B99B32 /* Libraries */,
				83CBBA001A601CBA00E9B192 /* Products */,
				2D16E6871FA4F8E400B85C8A /* Frameworks */,
				BBD78D7AC51CEA395F1C20DB /* Pods */,
				C2886B5CB67340E7BCE7B799 /* Resources */,
			);
			indentWidth = 2;
			sourceTree = "<group>";
			tabWidth = 2;
			usesTabs = 0;
		};
		83CBBA001A601CBA00E9B192 /* Products */ = {
			isa = PBXGroup;
			children = (
				13B07F961A680F5B00A75B9A /* Aquafeedplusapp.app */,
			);
			name = Products;
			sourceTree = "<group>";
		};
		BBD78D7AC51CEA395F1C20DB /* Pods */ = {
			isa = PBXGroup;
			children = (
				3B4392A12AC88292D35C810B /* Pods-Aquafeedplusapp.debug.xcconfig */,
				5709B34CF0A7D63546082F79 /* Pods-Aquafeedplusapp.release.xcconfig */,
			);
			path = Pods;
			sourceTree = "<group>";
		};
		C2886B5CB67340E7BCE7B799 /* Resources */ = {
			isa = "PBXGroup";
			children = (
				9BC9A607586B4763A15D4CAC /* IRANSans(FaNum).ttf */,
				5DB8543C02A440C08F110934 /* IRANSans(FaNum)_Black.ttf */,
				64FBF9CB236F446EA6C0C56A /* IRANSans(FaNum)_Bold.ttf */,
				12FEC5DC32534730983DCE38 /* IRANSans(FaNum)_Light.ttf */,
				FBBBAA9C31A14C33B2DE0081 /* IRANSans(FaNum)_Medium.ttf */,
				F0566F4C495043A2AE1272D0 /* IRANSans(FaNum)_UltraLight.ttf */,
				C205B3EC9740406CA8B4F28C /* IRANYekanXFaNum-Black.ttf */,
				CDF438BF76D940E0A82274AF /* IRANYekanXFaNum-Bold.ttf */,
				B20E7B52CFA04905AD586C60 /* IRANYekanXFaNum-DemiBold.ttf */,
				C708697A5B96425291065B47 /* IRANYekanXFaNum-ExtraBlack.ttf */,
				EE0D456B1C3143DBBFF04245 /* IRANYekanXFaNum-ExtraBold.ttf */,
				79EDF733C0104792BAE21C0E /* IRANYekanXFaNum-Heavy.ttf */,
				E5810B597E0A4ED5AA0B7BAD /* IRANYekanXFaNum-Light.ttf */,
				0A9927BA081748769E192CC0 /* IRANYekanXFaNum-Medium.ttf */,
				6F15D8F2D42645319767EB8A /* IRANYekanXFaNum-Regular.ttf */,
				92A59F09132D425BA14D3CCB /* IRANYekanXFaNum-Thin.ttf */,
				53789FEC2842459E96371E26 /* IRANYekanXFaNum-UltraLight.ttf */,
			);
			name = Resources;
			sourceTree = "<group>";
			path = "";
		};
/* End PBXGroup section */

/* Begin PBXNativeTarget section */
		13B07F861A680F5B00A75B9A /* Aquafeedplusapp */ = {
			isa = PBXNativeTarget;
			buildConfigurationList = 13B07F931A680F5B00A75B9A /* Build configuration list for PBXNativeTarget "Aquafeedplusapp" */;
			buildPhases = (
				C38B50BA6285516D6DCD4F65 /* [CP] Check Pods Manifest.lock */,
				13B07F871A680F5B00A75B9A /* Sources */,
				13B07F8C1A680F5B00A75B9A /* Frameworks */,
				13B07F8E1A680F5B00A75B9A /* Resources */,
				00DD1BFF1BD5951E006B06BC /* Bundle React Native code and images */,
				00EEFC60759A1932668264C0 /* [CP] Embed Pods Frameworks */,
				E235C05ADACE081382539298 /* [CP] Copy Pods Resources */,
			);
			buildRules = (
			);
			dependencies = (
			);
			name = Aquafeedplusapp;
			productName = Aquafeedplusapp;
			productReference = 13B07F961A680F5B00A75B9A /* Aquafeedplusapp.app */;
			productType = "com.apple.product-type.application";
		};
/* End PBXNativeTarget section */

/* Begin PBXProject section */
		83CBB9F71A601CBA00E9B192 /* Project object */ = {
			isa = PBXProject;
			attributes = {
				LastUpgradeCheck = 1210;
				TargetAttributes = {
					13B07F861A680F5B00A75B9A = {
						LastSwiftMigration = 1120;
					};
				};
			};
			buildConfigurationList = 83CBB9FA1A601CBA00E9B192 /* Build configuration list for PBXProject "Aquafeedplusapp" */;
			compatibilityVersion = "Xcode 12.0";
			developmentRegion = en;
			hasScannedForEncodings = 0;
			knownRegions = (
				en,
				Base,
			);
			mainGroup = 83CBB9F61A601CBA00E9B192;
			productRefGroup = 83CBBA001A601CBA00E9B192 /* Products */;
			projectDirPath = "";
			projectRoot = "";
			targets = (
				13B07F861A680F5B00A75B9A /* Aquafeedplusapp */,
			);
		};
/* End PBXProject section */

/* Begin PBXResourcesBuildPhase section */
		13B07F8E1A680F5B00A75B9A /* Resources */ = {
			isa = PBXResourcesBuildPhase;
			buildActionMask = 2147483647;
			files = (
				81AB9BB82411601600AC10FF /* LaunchScreen.storyboard in Resources */,
				13B07FBF1A68108700A75B9A /* Images.xcassets in Resources */,
				2A75C846AE5B440BA19E73E4 /* IRANSans(FaNum).ttf in Resources */,
				EA7E0A8DDAE34F4BABB78BBF /* IRANSans(FaNum)_Black.ttf in Resources */,
				B07B7EEBF03E4C3A8139CA7A /* IRANSans(FaNum)_Bold.ttf in Resources */,
				24A17485E9E04FDF91F2F6B1 /* IRANSans(FaNum)_Light.ttf in Resources */,
				03796D00C78D4F6587939E7B /* IRANSans(FaNum)_Medium.ttf in Resources */,
				B6CDF338282B426683E68F11 /* IRANSans(FaNum)_UltraLight.ttf in Resources */,
				19454DE37C534A4C93C2F012 /* IRANYekanXFaNum-Black.ttf in Resources */,
				2B4388316B624C64B04EE93B /* IRANYekanXFaNum-Bold.ttf in Resources */,
				4A5DAF19603249B4880376BF /* IRANYekanXFaNum-DemiBold.ttf in Resources */,
				1BAB332B8866454AA31E2865 /* IRANYekanXFaNum-ExtraBlack.ttf in Resources */,
				0B1DC900647942FC9C44E6EA /* IRANYekanXFaNum-ExtraBold.ttf in Resources */,
				520A5F6EF23B458A85C362DA /* IRANYekanXFaNum-Heavy.ttf in Resources */,
				D1459C2DC8FA406D88D83FBD /* IRANYekanXFaNum-Light.ttf in Resources */,
				AB1B97925BE0427195E8667D /* IRANYekanXFaNum-Medium.ttf in Resources */,
				1590B5E30C184880AFD645B8 /* IRANYekanXFaNum-Regular.ttf in Resources */,
				FC5F88C9F71F4BF0B5012BF5 /* IRANYekanXFaNum-Thin.ttf in Resources */,
				9093496D92AA4FF4AC15D54A /* IRANYekanXFaNum-UltraLight.ttf in Resources */,
			);
			runOnlyForDeploymentPostprocessing = 0;
		};
/* End PBXResourcesBuildPhase section */

/* Begin PBXShellScriptBuildPhase section */
		00DD1BFF1BD5951E006B06BC /* Bundle React Native code and images */ = {
			isa = PBXShellScriptBuildPhase;
			buildActionMask = 2147483647;
			files = (
			);
			inputPaths = (
				"$(SRCROOT)/.xcode.env.local",
				"$(SRCROOT)/.xcode.env",
			);
			name = "Bundle React Native code and images";
			outputPaths = (
			);
			runOnlyForDeploymentPostprocessing = 0;
			shellPath = /bin/sh;
			shellScript = "set -e\n\nWITH_ENVIRONMENT=\"$REACT_NATIVE_PATH/scripts/xcode/with-environment.sh\"\nREACT_NATIVE_XCODE=\"$REACT_NATIVE_PATH/scripts/react-native-xcode.sh\"\n\n/bin/sh -c \"$WITH_ENVIRONMENT $REACT_NATIVE_XCODE\"\n";
		};
		00EEFC60759A1932668264C0 /* [CP] Embed Pods Frameworks */ = {
			isa = PBXShellScriptBuildPhase;
			buildActionMask = 2147483647;
			files = (
			);
			inputFileListPaths = (
				"${PODS_ROOT}/Target Support Files/Pods-Aquafeedplusapp/Pods-Aquafeedplusapp-frameworks-${CONFIGURATION}-input-files.xcfilelist",
			);
			name = "[CP] Embed Pods Frameworks";
			outputFileListPaths = (
				"${PODS_ROOT}/Target Support Files/Pods-Aquafeedplusapp/Pods-Aquafeedplusapp-frameworks-${CONFIGURATION}-output-files.xcfilelist",
			);
			runOnlyForDeploymentPostprocessing = 0;
			shellPath = /bin/sh;
			shellScript = "\"${PODS_ROOT}/Target Support Files/Pods-Aquafeedplusapp/Pods-Aquafeedplusapp-frameworks.sh\"\n";
			showEnvVarsInLog = 0;
		};
		C38B50BA6285516D6DCD4F65 /* [CP] Check Pods Manifest.lock */ = {
			isa = PBXShellScriptBuildPhase;
			buildActionMask = 2147483647;
			files = (
			);
			inputFileListPaths = (
			);
			inputPaths = (
				"${PODS_PODFILE_DIR_PATH}/Podfile.lock",
				"${PODS_ROOT}/Manifest.lock",
			);
			name = "[CP] Check Pods Manifest.lock";
			outputFileListPaths = (
			);
			outputPaths = (
				"$(DERIVED_FILE_DIR)/Pods-Aquafeedplusapp-checkManifestLockResult.txt",
			);
			runOnlyForDeploymentPostprocessing = 0;
			shellPath = /bin/sh;
			shellScript = "diff \"${PODS_PODFILE_DIR_PATH}/Podfile.lock\" \"${PODS_ROOT}/Manifest.lock\" > /dev/null\nif [ $? != 0 ] ; then\n    # print error to STDERR\n    echo \"error: The sandbox is not in sync with the Podfile.lock. Run 'pod install' or update your CocoaPods installation.\" >&2\n    exit 1\nfi\n# This output is used by Xcode 'outputs' to avoid re-running this script phase.\necho \"SUCCESS\" > \"${SCRIPT_OUTPUT_FILE_0}\"\n";
			showEnvVarsInLog = 0;
		};
		E235C05ADACE081382539298 /* [CP] Copy Pods Resources */ = {
			isa = PBXShellScriptBuildPhase;
			buildActionMask = 2147483647;
			files = (
			);
			inputFileListPaths = (
				"${PODS_ROOT}/Target Support Files/Pods-Aquafeedplusapp/Pods-Aquafeedplusapp-resources-${CONFIGURATION}-input-files.xcfilelist",
			);
			name = "[CP] Copy Pods Resources";
			outputFileListPaths = (
				"${PODS_ROOT}/Target Support Files/Pods-Aquafeedplusapp/Pods-Aquafeedplusapp-resources-${CONFIGURATION}-output-files.xcfilelist",
			);
			runOnlyForDeploymentPostprocessing = 0;
			shellPath = /bin/sh;
			shellScript = "\"${PODS_ROOT}/Target Support Files/Pods-Aquafeedplusapp/Pods-Aquafeedplusapp-resources.sh\"\n";
			showEnvVarsInLog = 0;
		};
/* End PBXShellScriptBuildPhase section */

/* Begin PBXSourcesBuildPhase section */
		13B07F871A680F5B00A75B9A /* Sources */ = {
			isa = PBXSourcesBuildPhase;
			buildActionMask = 2147483647;
			files = (
				761780ED2CA45674006654EE /* AppDelegate.swift in Sources */,
			);
			runOnlyForDeploymentPostprocessing = 0;
		};
/* End PBXSourcesBuildPhase section */

/* Begin XCBuildConfiguration section */
		13B07F941A680F5B00A75B9A /* Debug */ = {
			isa = XCBuildConfiguration;
			baseConfigurationReference = 3B4392A12AC88292D35C810B /* Pods-Aquafeedplusapp.debug.xcconfig */;
			buildSettings = {
				ASSETCATALOG_COMPILER_APPICON_NAME = AppIcon;
				CLANG_ENABLE_MODULES = YES;
				CURRENT_PROJECT_VERSION = 1;
				ENABLE_BITCODE = NO;
				INFOPLIST_FILE = Aquafeedplusapp/Info.plist;
				IPHONEOS_DEPLOYMENT_TARGET = 15.1;
				LD_RUNPATH_SEARCH_PATHS = (
					"$(inherited)",
					"@executable_path/Frameworks",
				);
				MARKETING_VERSION = 1.0;
				OTHER_LDFLAGS = (
					"$(inherited)",
					"-ObjC",
					"-lc++",
				);
				PRODUCT_BUNDLE_IDENTIFIER = "org.reactjs.native.example.$(PRODUCT_NAME:rfc1034identifier)";
				PRODUCT_NAME = Aquafeedplusapp;
				SWIFT_OPTIMIZATION_LEVEL = "-Onone";
				SWIFT_VERSION = 5.0;
				VERSIONING_SYSTEM = "apple-generic";
			};
			name = Debug;
		};
		13B07F951A680F5B00A75B9A /* Release */ = {
			isa = XCBuildConfiguration;
			baseConfigurationReference = 5709B34CF0A7D63546082F79 /* Pods-Aquafeedplusapp.release.xcconfig */;
			buildSettings = {
				ASSETCATALOG_COMPILER_APPICON_NAME = AppIcon;
				CLANG_ENABLE_MODULES = YES;
				CURRENT_PROJECT_VERSION = 1;
				INFOPLIST_FILE = Aquafeedplusapp/Info.plist;
				IPHONEOS_DEPLOYMENT_TARGET = 15.1;
				LD_RUNPATH_SEARCH_PATHS = (
					"$(inherited)",
					"@executable_path/Frameworks",
				);
				MARKETING_VERSION = 1.0;
				OTHER_LDFLAGS = (
					"$(inherited)",
					"-ObjC",
					"-lc++",
				);
				PRODUCT_BUNDLE_IDENTIFIER = "org.reactjs.native.example.$(PRODUCT_NAME:rfc1034identifier)";
				PRODUCT_NAME = Aquafeedplusapp;
				SWIFT_VERSION = 5.0;
				VERSIONING_SYSTEM = "apple-generic";
			};
			name = Release;
		};
		83CBBA201A601CBA00E9B192 /* Debug */ = {
			isa = XCBuildConfiguration;
			buildSettings = {
				ALWAYS_SEARCH_USER_PATHS = NO;
				CLANG_ANALYZER_LOCALIZABILITY_NONLOCALIZED = YES;
				CLANG_CXX_LANGUAGE_STANDARD = "c++20";
				CLANG_CXX_LIBRARY = "libc++";
				CLANG_ENABLE_MODULES = YES;
				CLANG_ENABLE_OBJC_ARC = YES;
				CLANG_WARN_BLOCK_CAPTURE_AUTORELEASING = YES;
				CLANG_WARN_BOOL_CONVERSION = YES;
				CLANG_WARN_COMMA = YES;
				CLANG_WARN_CONSTANT_CONVERSION = YES;
				CLANG_WARN_DEPRECATED_OBJC_IMPLEMENTATIONS = YES;
				CLANG_WARN_DIRECT_OBJC_ISA_USAGE = YES_ERROR;
				CLANG_WARN_EMPTY_BODY = YES;
				CLANG_WARN_ENUM_CONVERSION = YES;
				CLANG_WARN_INFINITE_RECURSION = YES;
				CLANG_WARN_INT_CONVERSION = YES;
				CLANG_WARN_NON_LITERAL_NULL_CONVERSION = YES;
				CLANG_WARN_OBJC_IMPLICIT_RETAIN_SELF = YES;
				CLANG_WARN_OBJC_LITERAL_CONVERSION = YES;
				CLANG_WARN_OBJC_ROOT_CLASS = YES_ERROR;
				CLANG_WARN_QUOTED_INCLUDE_IN_FRAMEWORK_HEADER = YES;
				CLANG_WARN_RANGE_LOOP_ANALYSIS = YES;
				CLANG_WARN_STRICT_PROTOTYPES = YES;
				CLANG_WARN_SUSPICIOUS_MOVE = YES;
				CLANG_WARN_UNREACHABLE_CODE = YES;
				CLANG_WARN__DUPLICATE_METHOD_MATCH = YES;
				"CODE_SIGN_IDENTITY[sdk=iphoneos*]" = "iPhone Developer";
				COPY_PHASE_STRIP = NO;
				ENABLE_STRICT_OBJC_MSGSEND = YES;
				ENABLE_TESTABILITY = YES;
				"EXCLUDED_ARCHS[sdk=iphonesimulator*]" = "";
				GCC_C_LANGUAGE_STANDARD = gnu99;
				GCC_DYNAMIC_NO_PIC = NO;
				GCC_NO_COMMON_BLOCKS = YES;
				GCC_OPTIMIZATION_LEVEL = 0;
				GCC_PREPROCESSOR_DEFINITIONS = (
					"DEBUG=1",
					"$(inherited)",
				);
				GCC_SYMBOLS_PRIVATE_EXTERN = NO;
				GCC_WARN_64_TO_32_BIT_CONVERSION = YES;
				GCC_WARN_ABOUT_RETURN_TYPE = YES_ERROR;
				GCC_WARN_UNDECLARED_SELECTOR = YES;
				GCC_WARN_UNINITIALIZED_AUTOS = YES_AGGRESSIVE;
				GCC_WARN_UNUSED_FUNCTION = YES;
				GCC_WARN_UNUSED_VARIABLE = YES;
				IPHONEOS_DEPLOYMENT_TARGET = 15.1;
				LD_RUNPATH_SEARCH_PATHS = (
					/usr/lib/swift,
					"$(inherited)",
				);
				LIBRARY_SEARCH_PATHS = (
					"\"$(SDKROOT)/usr/lib/swift\"",
					"\"$(TOOLCHAIN_DIR)/usr/lib/swift/$(PLATFORM_NAME)\"",
					"\"$(inherited)\"",
				);
				MTL_ENABLE_DEBUG_INFO = YES;
				ONLY_ACTIVE_ARCH = YES;
				OTHER_CPLUSPLUSFLAGS = (
					"$(OTHER_CFLAGS)",
					"-DFOLLY_NO_CONFIG",
					"-DFOLLY_MOBILE=1",
					"-DFOLLY_USE_LIBCPP=1",
					"-DFOLLY_CFG_NO_COROUTINES=1",
					"-DFOLLY_HAVE_CLOCK_GETTIME=1",
				);
				SDKROOT = iphoneos;
			};
			name = Debug;
		};
		83CBBA211A601CBA00E9B192 /* Release */ = {
			isa = XCBuildConfiguration;
			buildSettings = {
				ALWAYS_SEARCH_USER_PATHS = NO;
				CLANG_ANALYZER_LOCALIZABILITY_NONLOCALIZED = YES;
				CLANG_CXX_LANGUAGE_STANDARD = "c++20";
				CLANG_CXX_LIBRARY = "libc++";
				CLANG_ENABLE_MODULES = YES;
				CLANG_ENABLE_OBJC_ARC = YES;
				CLANG_WARN_BLOCK_CAPTURE_AUTORELEASING = YES;
				CLANG_WARN_BOOL_CONVERSION = YES;
				CLANG_WARN_COMMA = YES;
				CLANG_WARN_CONSTANT_CONVERSION = YES;
				CLANG_WARN_DEPRECATED_OBJC_IMPLEMENTATIONS = YES;
				CLANG_WARN_DIRECT_OBJC_ISA_USAGE = YES_ERROR;
				CLANG_WARN_EMPTY_BODY = YES;
				CLANG_WARN_ENUM_CONVERSION = YES;
				CLANG_WARN_INFINITE_RECURSION = YES;
				CLANG_WARN_INT_CONVERSION = YES;
				CLANG_WARN_NON_LITERAL_NULL_CONVERSION = YES;
				CLANG_WARN_OBJC_IMPLICIT_RETAIN_SELF = YES;
				CLANG_WARN_OBJC_LITERAL_CONVERSION = YES;
				CLANG_WARN_OBJC_ROOT_CLASS = YES_ERROR;
				CLANG_WARN_QUOTED_INCLUDE_IN_FRAMEWORK_HEADER = YES;
				CLANG_WARN_RANGE_LOOP_ANALYSIS = YES;
				CLANG_WARN_STRICT_PROTOTYPES = YES;
				CLANG_WARN_SUSPICIOUS_MOVE = YES;
				CLANG_WARN_UNREACHABLE_CODE = YES;
				CLANG_WARN__DUPLICATE_METHOD_MATCH = YES;
				"CODE_SIGN_IDENTITY[sdk=iphoneos*]" = "iPhone Developer";
				COPY_PHASE_STRIP = YES;
				ENABLE_NS_ASSERTIONS = NO;
				ENABLE_STRICT_OBJC_MSGSEND = YES;
				"EXCLUDED_ARCHS[sdk=iphonesimulator*]" = "";
				GCC_C_LANGUAGE_STANDARD = gnu99;
				GCC_NO_COMMON_BLOCKS = YES;
				GCC_WARN_64_TO_32_BIT_CONVERSION = YES;
				GCC_WARN_ABOUT_RETURN_TYPE = YES_ERROR;
				GCC_WARN_UNDECLARED_SELECTOR = YES;
				GCC_WARN_UNINITIALIZED_AUTOS = YES_AGGRESSIVE;
				GCC_WARN_UNUSED_FUNCTION = YES;
				GCC_WARN_UNUSED_VARIABLE = YES;
				IPHONEOS_DEPLOYMENT_TARGET = 15.1;
				LD_RUNPATH_SEARCH_PATHS = (
					/usr/lib/swift,
					"$(inherited)",
				);
				LIBRARY_SEARCH_PATHS = (
					"\"$(SDKROOT)/usr/lib/swift\"",
					"\"$(TOOLCHAIN_DIR)/usr/lib/swift/$(PLATFORM_NAME)\"",
					"\"$(inherited)\"",
				);
				MTL_ENABLE_DEBUG_INFO = NO;
				OTHER_CPLUSPLUSFLAGS = (
					"$(OTHER_CFLAGS)",
					"-DFOLLY_NO_CONFIG",
					"-DFOLLY_MOBILE=1",
					"-DFOLLY_USE_LIBCPP=1",
					"-DFOLLY_CFG_NO_COROUTINES=1",
					"-DFOLLY_HAVE_CLOCK_GETTIME=1",
				);
				SDKROOT = iphoneos;
				VALIDATE_PRODUCT = YES;
			};
			name = Release;
		};
/* End XCBuildConfiguration section */

/* Begin XCConfigurationList section */
		13B07F931A680F5B00A75B9A /* Build configuration list for PBXNativeTarget "Aquafeedplusapp" */ = {
			isa = XCConfigurationList;
			buildConfigurations = (
				13B07F941A680F5B00A75B9A /* Debug */,
				13B07F951A680F5B00A75B9A /* Release */,
			);
			defaultConfigurationIsVisible = 0;
			defaultConfigurationName = Release;
		};
		83CBB9FA1A601CBA00E9B192 /* Build configuration list for PBXProject "Aquafeedplusapp" */ = {
			isa = XCConfigurationList;
			buildConfigurations = (
				83CBBA201A601CBA00E9B192 /* Debug */,
				83CBBA211A601CBA00E9B192 /* Release */,
			);
			defaultConfigurationIsVisible = 0;
			defaultConfigurationName = Release;
		};
/* End XCConfigurationList section */
	};
	rootObject = 83CBB9F71A601CBA00E9B192 /* Project object */;
}
